
Microsoft Visual Studio Solution File, Format Version 12.00
# Visual Studio Version 16
VisualStudioVersion = 16.0.31515.178
MinimumVisualStudioVersion = 10.0.40219.1
Project("{888888A0-9F3D-457C-B088-3A5042F75D52}") = "InvoiceLineItem", "InvoiceLineItem.pyproj", "{3822F0B9-17B2-4C48-AF55-A2E53062A19B}"
EndProject
Global
	GlobalSection(SolutionConfigurationPlatforms) = preSolution
		Debug|Any CPU = Debug|Any CPU
		Release|Any CPU = Release|Any CPU
	EndGlobalSection
	GlobalSection(ProjectConfigurationPlatforms) = postSolution
		{3822F0B9-17B2-4C48-AF55-A2E53062A19B}.Debug|Any CPU.ActiveCfg = Debug|Any CPU
		{3822F0B9-17B2-4C48-AF55-A2E53062A19B}.Release|Any CPU.ActiveCfg = Release|Any CPU
	EndGlobalSection
	GlobalSection(SolutionProperties) = preSolution
		HideSolutionNode = FALSE
	EndGlobalSection
	GlobalSection(ExtensibilityGlobals) = postSolution
		SolutionGuid = {FD87AA77-6DE8-480A-B401-8527C35CD001}
	EndGlobalSection
EndGlobal
